
Microsoft Visual Studio Solution File, Format Version 12.00
# Visual Studio Version 17
VisualStudioVersion = 17.0.31912.275
MinimumVisualStudioVersion = 10.0.40219.1
Project("{FAE04EC0-301F-11D3-BF4B-00C04F79EFBC}") = "StackEx", "StackEx.csproj", "{1E36DA7C-C007-4C0F-B63B-CB11F8270854}"
EndProject
Global
	GlobalSection(SolutionConfigurationPlatforms) = preSolution
		Debug|Any CPU = Debug|Any CPU
		Release|Any CPU = Release|Any CPU
	EndGlobalSection
	GlobalSection(ProjectConfigurationPlatforms) = postSolution
		{1E36DA7C-C007-4C0F-B63B-CB11F8270854}.Debug|Any CPU.ActiveCfg = Debug|Any CPU
		{1E36DA7C-C007-4C0F-B63B-CB11F8270854}.Debug|Any CPU.Build.0 = Debug|Any CPU
		{1E36DA7C-C007-4C0F-B63B-CB11F8270854}.Release|Any CPU.ActiveCfg = Release|Any CPU
		{1E36DA7C-C007-4C0F-B63B-CB11F8270854}.Release|Any CPU.Build.0 = Release|Any CPU
	EndGlobalSection
	GlobalSection(SolutionProperties) = preSolution
		HideSolutionNode = FALSE
	EndGlobalSection
	GlobalSection(ExtensibilityGlobals) = postSolution
		SolutionGuid = {DB16BC9A-4356-460F-8EE2-160BC003923A}
	EndGlobalSection
EndGlobal
